{
    "_meta": {
        "hash": {
            "sha256": "a3c6d1d390927ea6c9314976c10c4863eecbe0107e12f6be9fd263a4f3d50f03"
        },
        "pipfile-spec": 6,
        "requires": {
            "python_version": "3.11"
        },
        "sources": [
            {
                "name": "pypi",
                "url": "https://pypi.org/simple",
                "verify_ssl": true
            }
        ]
    },
    "default": {
        "slack-sdk": {
            "hashes": [
                "sha256:811472ce598db855ab3c02f098fa430323ccb253cfe17ba20c7b05ab206d984d",
                "sha256:a901c68cb5547d5459cdefd81343d116db56d65f6b33f4081ddf1cdd243bf07e"
            ],
            "index": "pypi",
            "markers": "python_version >= '3.6'",
            "version": "==3.27.0"
        }
    },
    "develop": {}
}
